<Solution>
  <Folder Name="/Src/">
    <File Path="src/Ripple.EventTicketingSystem.API/README.md" />
    <Project Path="src/Ripple.EventTicketingSystem.API/Ripple.EventTicketingSystem.API.csproj" />
    <Project Path="src/Ripple.EventTicketingSystem.Application/Ripple.EventTicketingSystem.Application.csproj" />
    <Project Path="src/Ripple.EventTicketingSystem.DBContext/Ripple.EventTicketingSystem.DBContext.csproj" />
    <Project Path="src/Ripple.EventTicketingSystem.Domain/Ripple.EventTicketingSystem.Domain.csproj" />
  </Folder>
  <Folder Name="/Tests/">
    <Project Path="tests/Ripple.EventTicketingSystem.API.Tests/Ripple.EventTicketingSystem.API.Tests.csproj" Id="99c01a98-a268-4500-b07f-e0a51551c210" />
    <Project Path="tests/Ripple.EventTicketingSystem.Application.Tests/Ripple.EventTicketingSystem.Application.Tests.csproj" />
  </Folder>
</Solution>
